
Microsoft Visual Studio Solution File, Format Version 12.00
# Visual Studio Version 16
VisualStudioVersion = 16.0.31424.327
MinimumVisualStudioVersion = 10.0.40219.1
Project("{FAE04EC0-301F-11D3-BF4B-00C04F79EFBC}") = "OverWork.Server", "Server\OverWork.Server.csproj", "{3F391942-C973-48AD-BE7E-69D4C2C1C1A2}"
EndProject
Project("{FAE04EC0-301F-11D3-BF4B-00C04F79EFBC}") = "OverWork.Client", "Client\OverWork.Client.csproj", "{4E0F2700-1F25-43E5-A928-2755D2828EEB}"
EndProject
Project("{FAE04EC0-301F-11D3-BF4B-00C04F79EFBC}") = "OverWork.Shared", "Shared\OverWork.Shared.csproj", "{7FF72D2E-D80E-4FE5-83BE-214D82C6185F}"
EndProject
Global
	GlobalSection(SolutionConfigurationPlatforms) = preSolution
		Debug|Any CPU = Debug|Any CPU
		Release|Any CPU = Release|Any CPU
	EndGlobalSection
	GlobalSection(ProjectConfigurationPlatforms) = postSolution
		{3F391942-C973-48AD-BE7E-69D4C2C1C1A2}.Debug|Any CPU.ActiveCfg = Debug|Any CPU
		{3F391942-C973-48AD-BE7E-69D4C2C1C1A2}.Debug|Any CPU.Build.0 = Debug|Any CPU
		{3F391942-C973-48AD-BE7E-69D4C2C1C1A2}.Release|Any CPU.ActiveCfg = Release|Any CPU
		{3F391942-C973-48AD-BE7E-69D4C2C1C1A2}.Release|Any CPU.Build.0 = Release|Any CPU
		{4E0F2700-1F25-43E5-A928-2755D2828EEB}.Debug|Any CPU.ActiveCfg = Debug|Any CPU
		{4E0F2700-1F25-43E5-A928-2755D2828EEB}.Debug|Any CPU.Build.0 = Debug|Any CPU
		{4E0F2700-1F25-43E5-A928-2755D2828EEB}.Release|Any CPU.ActiveCfg = Release|Any CPU
		{4E0F2700-1F25-43E5-A928-2755D2828EEB}.Release|Any CPU.Build.0 = Release|Any CPU
		{7FF72D2E-D80E-4FE5-83BE-214D82C6185F}.Debug|Any CPU.ActiveCfg = Debug|Any CPU
		{7FF72D2E-D80E-4FE5-83BE-214D82C6185F}.Debug|Any CPU.Build.0 = Debug|Any CPU
		{7FF72D2E-D80E-4FE5-83BE-214D82C6185F}.Release|Any CPU.ActiveCfg = Release|Any CPU
		{7FF72D2E-D80E-4FE5-83BE-214D82C6185F}.Release|Any CPU.Build.0 = Release|Any CPU
	EndGlobalSection
	GlobalSection(SolutionProperties) = preSolution
		HideSolutionNode = FALSE
	EndGlobalSection
	GlobalSection(ExtensibilityGlobals) = postSolution
		SolutionGuid = {62FE10A7-98E8-4744-979B-D63C83970FE4}
	EndGlobalSection
EndGlobal
